
Microsoft Visual Studio Solution File, Format Version 12.00
# Visual Studio Version 16
VisualStudioVersion = 16.0.29123.88
MinimumVisualStudioVersion = 10.0.40219.1
Project("{FAE04EC0-301F-11D3-BF4B-00C04F79EFBC}") = "Cwiczenia1", "Cwiczenia1\Cwiczenia1.csproj", "{7162DBDE-EC97-425F-B1FC-3D740AB27DEB}"
EndProject
Global
	GlobalSection(SolutionConfigurationPlatforms) = preSolution
		Debug|Any CPU = Debug|Any CPU
		Release|Any CPU = Release|Any CPU
	EndGlobalSection
	GlobalSection(ProjectConfigurationPlatforms) = postSolution
		{7162DBDE-EC97-425F-B1FC-3D740AB27DEB}.Debug|Any CPU.ActiveCfg = Debug|Any CPU
		{7162DBDE-EC97-425F-B1FC-3D740AB27DEB}.Debug|Any CPU.Build.0 = Debug|Any CPU
		{7162DBDE-EC97-425F-B1FC-3D740AB27DEB}.Release|Any CPU.ActiveCfg = Release|Any CPU
		{7162DBDE-EC97-425F-B1FC-3D740AB27DEB}.Release|Any CPU.Build.0 = Release|Any CPU
	EndGlobalSection
	GlobalSection(SolutionProperties) = preSolution
		HideSolutionNode = FALSE
	EndGlobalSection
	GlobalSection(ExtensibilityGlobals) = postSolution
		SolutionGuid = {707B5F2D-462B-48DE-BB61-75303F79D0FC}
	EndGlobalSection
EndGlobal
